{
  "name": "vsce-p7d-markdown-it-linebreak",
  "lockfileVersion": 3,
  "requires": true,
  "packages": {
    "": {
      "dependencies": {
        "@sup39/markdown-it-cjk-breaks": "^1.2.0"
      }
    },
    "node_modules/@sup39/markdown-it-cjk-breaks": {
      "version": "1.2.0",
      "resolved": "https://registry.npmjs.org/@sup39/markdown-it-cjk-breaks/-/markdown-it-cjk-breaks-1.2.0.tgz",
      "integrity": "sha512-6MFupAvi8bD2/wYhat2WHsfa7Y0Hg9JO+A7Fga6NT9MqU8xhzheJHNfaw3zGa3uZLAY9pakSuHKDJhBcxL6tTQ==",
      "license": "MIT",
      "dependencies": {
        "eastasianwidth": "~0.2.0"
      }
    },
    "node_modules/eastasianwidth": {
      "version": "0.2.0",
      "resolved": "https://registry.npmjs.org/eastasianwidth/-/eastasianwidth-0.2.0.tgz",
      "integrity": "sha512-I88TYZWc9XiYHRQ4/3c5rjjfgkjhLyW2luGIheGERbNQ6OY7yTybanSpDXZa8y7VUP9YmDcYa+eyq4ca7iLqWA==",
      "license": "MIT"
    }
  }
}
